<?xml version="1.0"?>
<CONFIG>
  <ProjectOptions>
    <PathDelim Value="/"/>
    <Version Value="6"/>
    <General>
      <MainUnit Value="0"/>
      <IconPath Value="./"/>
      <TargetFileExt Value=""/>
      <Title Value="LuaPascal Test Application"/>
      <ActiveEditorIndexAtStart Value="0"/>
    </General>
    <VersionInfo>
      <ProjectVersion Value=""/>
    </VersionInfo>
    <PublishOptions>
      <Version Value="2"/>
      <IgnoreBinaries Value="False"/>
      <IncludeFileFilter Value="*.(pas|pp|inc|lfm|lpr|lrs|lpi|lpk|sh|xml)"/>
      <ExcludeFileFilter Value="*.(bak|ppu|ppw|o|so);*~;backup"/>
    </PublishOptions>
    <RunParams>
      <local>
        <FormatVersion Value="1"/>
        <LaunchingApplication PathPlusParams="/usr/X11R6/bin/xterm -T 'Lazarus Run Output' -e $(LazarusDir)/tools/runwait.sh $(TargetCmdLine)"/>
      </local>
    </RunParams>
    <RequiredPackages Count="1">
      <Item1>
        <PackageName Value="LCL"/>
      </Item1>
    </RequiredPackages>
    <Units Count="10">
      <Unit0>
        <Filename Value="luapascaltest.lpr"/>
        <IsPartOfProject Value="True"/>
        <UnitName Value="luaPascalTest"/>
        <CursorPos X="19" Y="14"/>
        <TopLine Value="1"/>
        <UsageCount Value="23"/>
      </Unit0>
      <Unit1>
        <Filename Value="unit1.pas"/>
        <ComponentName Value="Form1"/>
        <IsPartOfProject Value="True"/>
        <ResourceFilename Value="unit1.lrs"/>
        <UnitName Value="Unit1"/>
        <CursorPos X="1" Y="12"/>
        <TopLine Value="1"/>
        <EditorIndex Value="0"/>
        <UsageCount Value="23"/>
        <Loaded Value="True"/>
      </Unit1>
      <Unit2>
        <Filename Value="../../src/Lua.pas"/>
        <UnitName Value="Lua"/>
        <CursorPos X="1" Y="1"/>
        <TopLine Value="1"/>
        <UsageCount Value="20"/>
      </Unit2>
      <Unit3>
        <Filename Value="../../src/lua.pas"/>
        <UnitName Value="lua"/>
        <CursorPos X="6" Y="230"/>
        <TopLine Value="220"/>
        <UsageCount Value="23"/>
        <Bookmarks Count="1">
          <Item0 X="1" Y="242" ID="1"/>
        </Bookmarks>
      </Unit3>
      <Unit4>
        <Filename Value="../../src/fdecl_win32.inc"/>
        <IsPartOfProject Value="True"/>
        <CursorPos X="19" Y="153"/>
        <TopLine Value="152"/>
        <UsageCount Value="21"/>
      </Unit4>
      <Unit5>
        <Filename Value="../../src/fdecl_linux.inc"/>
        <IsPartOfProject Value="True"/>
        <CursorPos X="3" Y="4"/>
        <TopLine Value="1"/>
        <UsageCount Value="21"/>
      </Unit5>
      <Unit6>
        <Filename Value="../../../src/luastate.pas"/>
        <IsPartOfProject Value="True"/>
        <UnitName Value="luastate"/>
        <CursorPos X="1" Y="1"/>
        <TopLine Value="1"/>
        <EditorIndex Value="1"/>
        <UsageCount Value="20"/>
        <Loaded Value="True"/>
      </Unit6>
      <Unit7>
        <Filename Value="../../../src/lua.pas"/>
        <IsPartOfProject Value="True"/>
        <UnitName Value="lua"/>
        <CursorPos X="1" Y="224"/>
        <TopLine Value="214"/>
        <EditorIndex Value="2"/>
        <UsageCount Value="20"/>
        <Loaded Value="True"/>
      </Unit7>
      <Unit8>
        <Filename Value="../../../src/fdecl_win32.inc"/>
        <CursorPos X="1" Y="189"/>
        <TopLine Value="1"/>
        <EditorIndex Value="3"/>
        <UsageCount Value="10"/>
        <Loaded Value="True"/>
      </Unit8>
      <Unit9>
        <Filename Value="../../../src/fdecl_linux.inc"/>
        <CursorPos X="12" Y="4"/>
        <TopLine Value="1"/>
        <EditorIndex Value="4"/>
        <UsageCount Value="10"/>
        <Loaded Value="True"/>
      </Unit9>
    </Units>
    <JumpHistory Count="15" HistoryIndex="14">
      <Position1>
        <Filename Value="../../../src/fdecl_win32.inc"/>
        <Caret Line="1" Column="1" TopLine="1"/>
      </Position1>
      <Position2>
        <Filename Value="../../../src/lua.pas"/>
        <Caret Line="336" Column="1" TopLine="319"/>
      </Position2>
      <Position3>
        <Filename Value="unit1.pas"/>
        <Caret Line="8" Column="41" TopLine="12"/>
      </Position3>
      <Position4>
        <Filename Value="unit1.pas"/>
        <Caret Line="36" Column="7" TopLine="16"/>
      </Position4>
      <Position5>
        <Filename Value="../../../src/lua.pas"/>
        <Caret Line="231" Column="18" TopLine="222"/>
      </Position5>
      <Position6>
        <Filename Value="../../../src/lua.pas"/>
        <Caret Line="235" Column="62" TopLine="222"/>
      </Position6>
      <Position7>
        <Filename Value="unit1.pas"/>
        <Caret Line="1" Column="1" TopLine="1"/>
      </Position7>
      <Position8>
        <Filename Value="unit1.pas"/>
        <Caret Line="30" Column="7" TopLine="23"/>
      </Position8>
      <Position9>
        <Filename Value="unit1.pas"/>
        <Caret Line="41" Column="3" TopLine="23"/>
      </Position9>
      <Position10>
        <Filename Value="unit1.pas"/>
        <Caret Line="28" Column="1" TopLine="11"/>
      </Position10>
      <Position11>
        <Filename Value="unit1.pas"/>
        <Caret Line="8" Column="81" TopLine="1"/>
      </Position11>
      <Position12>
        <Filename Value="unit1.pas"/>
        <Caret Line="27" Column="10" TopLine="8"/>
      </Position12>
      <Position13>
        <Filename Value="unit1.pas"/>
        <Caret Line="11" Column="58" TopLine="1"/>
      </Position13>
      <Position14>
        <Filename Value="unit1.pas"/>
        <Caret Line="27" Column="9" TopLine="14"/>
      </Position14>
      <Position15>
        <Filename Value="unit1.pas"/>
        <Caret Line="11" Column="58" TopLine="1"/>
      </Position15>
    </JumpHistory>
  </ProjectOptions>
  <CompilerOptions>
    <Version Value="5"/>
    <SearchPaths>
      <OtherUnitFiles Value="../../src/"/>
      <UnitOutputDirectory Value="../obj"/>
    </SearchPaths>
    <CodeGeneration>
      <Generate Value="Faster"/>
    </CodeGeneration>
    <Linking>
      <Options>
        <Win32>
          <GraphicApplication Value="True"/>
        </Win32>
      </Options>
    </Linking>
    <Other>
      <CompilerPath Value="$(CompPath)"/>
    </Other>
  </CompilerOptions>
  <Debugging>
    <Exceptions Count="2">
      <Item1>
        <Name Value="ECodetoolError"/>
      </Item1>
      <Item2>
        <Name Value="EFOpenError"/>
      </Item2>
    </Exceptions>
  </Debugging>
</CONFIG>
